
Microsoft Visual Studio Solution File, Format Version 12.00
# Visual Studio Version 17
VisualStudioVersion = 17.4.33213.308
MinimumVisualStudioVersion = 10.0.40219.1
Project("{FAE04EC0-301F-11D3-BF4B-00C04F79EFBC}") = "sklep", "sklep\sklep.csproj", "{42519476-7223-4337-BC03-50F85AB8C142}"
EndProject
Global
	GlobalSection(SolutionConfigurationPlatforms) = preSolution
		Debug|Any CPU = Debug|Any CPU
		Release|Any CPU = Release|Any CPU
	EndGlobalSection
	GlobalSection(ProjectConfigurationPlatforms) = postSolution
		{42519476-7223-4337-BC03-50F85AB8C142}.Debug|Any CPU.ActiveCfg = Debug|Any CPU
		{42519476-7223-4337-BC03-50F85AB8C142}.Debug|Any CPU.Build.0 = Debug|Any CPU
		{42519476-7223-4337-BC03-50F85AB8C142}.Release|Any CPU.ActiveCfg = Release|Any CPU
		{42519476-7223-4337-BC03-50F85AB8C142}.Release|Any CPU.Build.0 = Release|Any CPU
	EndGlobalSection
	GlobalSection(SolutionProperties) = preSolution
		HideSolutionNode = FALSE
	EndGlobalSection
	GlobalSection(ExtensibilityGlobals) = postSolution
		SolutionGuid = {85CF48E5-B46C-4E71-B41C-B505CAC0C6B2}
	EndGlobalSection
EndGlobal
